
Microsoft Visual Studio Solution File, Format Version 12.00
# Visual Studio Version 17
VisualStudioVersion = 17.7.34031.279
MinimumVisualStudioVersion = 10.0.40219.1
Project("{9A19103F-16F7-4668-BE54-9A1E7A4F7556}") = "Api", "WebApplication1\Api.csproj", "{4338E81B-D13A-4D13-9881-750C7DCAA1EE}"
EndProject
Project("{2150E333-8FDC-42A3-9474-1A3956D46DE8}") = "src", "src", "{DDDB5B83-5128-4BF0-8BDB-D567CA0A4D02}"
EndProject
Project("{2150E333-8FDC-42A3-9474-1A3956D46DE8}") = "Application", "Application", "{F1BCBBDF-AA54-48CA-B763-4CB7753285D8}"
EndProject
Project("{2150E333-8FDC-42A3-9474-1A3956D46DE8}") = "Domain", "Domain", "{8FACB776-0CA7-4A26-BE79-5DCC4F3C6DAE}"
EndProject
Project("{2150E333-8FDC-42A3-9474-1A3956D46DE8}") = "Infrastructure", "Infrastructure", "{CBE8B80A-491A-4270-AC7F-71996BACAF4A}"
EndProject
Project("{2150E333-8FDC-42A3-9474-1A3956D46DE8}") = "Presentation", "Presentation", "{3F6F154D-5647-41E8-9617-57D28A64AE72}"
EndProject
Project("{2150E333-8FDC-42A3-9474-1A3956D46DE8}") = "Persistence", "Persistence", "{8F5FB35B-387A-4D29-9C27-BD076ECB6B75}"
EndProject
Project("{FAE04EC0-301F-11D3-BF4B-00C04F79EFBC}") = "Domain", "Domain\Domain.csproj", "{B5896A19-E0F6-4C37-B85B-EF6FB8F3350C}"
EndProject
Project("{FAE04EC0-301F-11D3-BF4B-00C04F79EFBC}") = "Application", "Application\Application.csproj", "{0B404F47-0C55-40ED-9F09-067FA56CF77D}"
EndProject
Project("{FAE04EC0-301F-11D3-BF4B-00C04F79EFBC}") = "Infrastructure", "Infrastructure\Infrastructure.csproj", "{8FB91597-4FFC-4291-97D4-EF5E4447395D}"
EndProject
Project("{FAE04EC0-301F-11D3-BF4B-00C04F79EFBC}") = "Persistence", "Persistence\Persistence.csproj", "{A6F3BEA0-B6EF-4DCF-966B-6BBD3DB4756B}"
EndProject
Global
	GlobalSection(SolutionConfigurationPlatforms) = preSolution
		Debug|Any CPU = Debug|Any CPU
		Release|Any CPU = Release|Any CPU
	EndGlobalSection
	GlobalSection(ProjectConfigurationPlatforms) = postSolution
		{4338E81B-D13A-4D13-9881-750C7DCAA1EE}.Debug|Any CPU.ActiveCfg = Debug|Any CPU
		{4338E81B-D13A-4D13-9881-750C7DCAA1EE}.Debug|Any CPU.Build.0 = Debug|Any CPU
		{4338E81B-D13A-4D13-9881-750C7DCAA1EE}.Release|Any CPU.ActiveCfg = Release|Any CPU
		{4338E81B-D13A-4D13-9881-750C7DCAA1EE}.Release|Any CPU.Build.0 = Release|Any CPU
		{B5896A19-E0F6-4C37-B85B-EF6FB8F3350C}.Debug|Any CPU.ActiveCfg = Debug|Any CPU
		{B5896A19-E0F6-4C37-B85B-EF6FB8F3350C}.Debug|Any CPU.Build.0 = Debug|Any CPU
		{B5896A19-E0F6-4C37-B85B-EF6FB8F3350C}.Release|Any CPU.ActiveCfg = Release|Any CPU
		{B5896A19-E0F6-4C37-B85B-EF6FB8F3350C}.Release|Any CPU.Build.0 = Release|Any CPU
		{0B404F47-0C55-40ED-9F09-067FA56CF77D}.Debug|Any CPU.ActiveCfg = Debug|Any CPU
		{0B404F47-0C55-40ED-9F09-067FA56CF77D}.Debug|Any CPU.Build.0 = Debug|Any CPU
		{0B404F47-0C55-40ED-9F09-067FA56CF77D}.Release|Any CPU.ActiveCfg = Release|Any CPU
		{0B404F47-0C55-40ED-9F09-067FA56CF77D}.Release|Any CPU.Build.0 = Release|Any CPU
		{8FB91597-4FFC-4291-97D4-EF5E4447395D}.Debug|Any CPU.ActiveCfg = Debug|Any CPU
		{8FB91597-4FFC-4291-97D4-EF5E4447395D}.Debug|Any CPU.Build.0 = Debug|Any CPU
		{8FB91597-4FFC-4291-97D4-EF5E4447395D}.Release|Any CPU.ActiveCfg = Release|Any CPU
		{8FB91597-4FFC-4291-97D4-EF5E4447395D}.Release|Any CPU.Build.0 = Release|Any CPU
		{A6F3BEA0-B6EF-4DCF-966B-6BBD3DB4756B}.Debug|Any CPU.ActiveCfg = Debug|Any CPU
		{A6F3BEA0-B6EF-4DCF-966B-6BBD3DB4756B}.Debug|Any CPU.Build.0 = Debug|Any CPU
		{A6F3BEA0-B6EF-4DCF-966B-6BBD3DB4756B}.Release|Any CPU.ActiveCfg = Release|Any CPU
		{A6F3BEA0-B6EF-4DCF-966B-6BBD3DB4756B}.Release|Any CPU.Build.0 = Release|Any CPU
	EndGlobalSection
	GlobalSection(SolutionProperties) = preSolution
		HideSolutionNode = FALSE
	EndGlobalSection
	GlobalSection(NestedProjects) = preSolution
		{4338E81B-D13A-4D13-9881-750C7DCAA1EE} = {3F6F154D-5647-41E8-9617-57D28A64AE72}
		{F1BCBBDF-AA54-48CA-B763-4CB7753285D8} = {DDDB5B83-5128-4BF0-8BDB-D567CA0A4D02}
		{8FACB776-0CA7-4A26-BE79-5DCC4F3C6DAE} = {DDDB5B83-5128-4BF0-8BDB-D567CA0A4D02}
		{CBE8B80A-491A-4270-AC7F-71996BACAF4A} = {DDDB5B83-5128-4BF0-8BDB-D567CA0A4D02}
		{3F6F154D-5647-41E8-9617-57D28A64AE72} = {DDDB5B83-5128-4BF0-8BDB-D567CA0A4D02}
		{8F5FB35B-387A-4D29-9C27-BD076ECB6B75} = {DDDB5B83-5128-4BF0-8BDB-D567CA0A4D02}
		{B5896A19-E0F6-4C37-B85B-EF6FB8F3350C} = {8FACB776-0CA7-4A26-BE79-5DCC4F3C6DAE}
		{0B404F47-0C55-40ED-9F09-067FA56CF77D} = {F1BCBBDF-AA54-48CA-B763-4CB7753285D8}
		{8FB91597-4FFC-4291-97D4-EF5E4447395D} = {CBE8B80A-491A-4270-AC7F-71996BACAF4A}
		{A6F3BEA0-B6EF-4DCF-966B-6BBD3DB4756B} = {8F5FB35B-387A-4D29-9C27-BD076ECB6B75}
	EndGlobalSection
	GlobalSection(ExtensibilityGlobals) = postSolution
		SolutionGuid = {35500DC4-CBC5-41AF-B3D3-6A453589E248}
	EndGlobalSection
EndGlobal
